// !$*UTF8*$!
{
	archiveVersion = 1;
	classes = {
	};
	objectVersion = 56;
	objects = {

/* Begin PBXBuildFile section */
		DE046BAC299F6758002FF96E /* Brad_Ashburn_Shopping_AppApp.swift in Sources */ = {isa = PBXBuildFile; fileRef = DE046BAB299F6758002FF96E /* Brad_Ashburn_Shopping_AppApp.swift */; };
		DE046BAE299F6758002FF96E /* HomescreenView.swift in Sources */ = {isa = PBXBuildFile; fileRef = DE046BAD299F6758002FF96E /* HomescreenView.swift */; };
		DE046BB0299F675A002FF96E /* Assets.xcassets in Resources */ = {isa = PBXBuildFile; fileRef = DE046BAF299F675A002FF96E /* Assets.xcassets */; };
		DE046BB3299F675A002FF96E /* Preview Assets.xcassets in Resources */ = {isa = PBXBuildFile; fileRef = DE046BB2299F675A002FF96E /* Preview Assets.xcassets */; };
		DE046BBA299F6AE2002FF96E /* Constants.swift in Sources */ = {isa = PBXBuildFile; fileRef = DE046BB9299F6AE2002FF96E /* Constants.swift */; };
		DE046BBC299F6DF0002FF96E /* OnboardingView.swift in Sources */ = {isa = PBXBuildFile; fileRef = DE046BBB299F6DF0002FF96E /* OnboardingView.swift */; };
		DE36E0AA29A054ED00AD747A /* ButtonViews.swift in Sources */ = {isa = PBXBuildFile; fileRef = DE36E0A929A054ED00AD747A /* ButtonViews.swift */; };
		DE36E0AC29A0656200AD747A /* OnboardingModel.swift in Sources */ = {isa = PBXBuildFile; fileRef = DE36E0AB29A0656200AD747A /* OnboardingModel.swift */; };
		DE36E0AE29A06AF200AD747A /* TextViews.swift in Sources */ = {isa = PBXBuildFile; fileRef = DE36E0AD29A06AF200AD747A /* TextViews.swift */; };
/* End PBXBuildFile section */

/* Begin PBXFileReference section */
		DE046BA8299F6758002FF96E /* Brad_Ashburn_Shopping_App.app */ = {isa = PBXFileReference; explicitFileType = wrapper.application; includeInIndex = 0; path = Brad_Ashburn_Shopping_App.app; sourceTree = BUILT_PRODUCTS_DIR; };
		DE046BAB299F6758002FF96E /* Brad_Ashburn_Shopping_AppApp.swift */ = {isa = PBXFileReference; lastKnownFileType = sourcecode.swift; path = Brad_Ashburn_Shopping_AppApp.swift; sourceTree = "<group>"; };
		DE046BAD299F6758002FF96E /* HomescreenView.swift */ = {isa = PBXFileReference; lastKnownFileType = sourcecode.swift; path = HomescreenView.swift; sourceTree = "<group>"; };
		DE046BAF299F675A002FF96E /* Assets.xcassets */ = {isa = PBXFileReference; lastKnownFileType = folder.assetcatalog; path = Assets.xcassets; sourceTree = "<group>"; };
		DE046BB2299F675A002FF96E /* Preview Assets.xcassets */ = {isa = PBXFileReference; lastKnownFileType = folder.assetcatalog; path = "Preview Assets.xcassets"; sourceTree = "<group>"; };
		DE046BB9299F6AE2002FF96E /* Constants.swift */ = {isa = PBXFileReference; lastKnownFileType = sourcecode.swift; path = Constants.swift; sourceTree = "<group>"; };
		DE046BBB299F6DF0002FF96E /* OnboardingView.swift */ = {isa = PBXFileReference; lastKnownFileType = sourcecode.swift; path = OnboardingView.swift; sourceTree = "<group>"; };
		DE36E0A929A054ED00AD747A /* ButtonViews.swift */ = {isa = PBXFileReference; lastKnownFileType = sourcecode.swift; path = ButtonViews.swift; sourceTree = "<group>"; };
		DE36E0AB29A0656200AD747A /* OnboardingModel.swift */ = {isa = PBXFileReference; lastKnownFileType = sourcecode.swift; path = OnboardingModel.swift; sourceTree = "<group>"; };
		DE36E0AD29A06AF200AD747A /* TextViews.swift */ = {isa = PBXFileReference; lastKnownFileType = sourcecode.swift; path = TextViews.swift; sourceTree = "<group>"; };
		DE8048E629A84A450013AA11 /* week02assignment.playground */ = {isa = PBXFileReference; lastKnownFileType = file.playground; name = week02assignment.playground; path = Brad_Ashburn_Shopping_App/week02assignment.playground; sourceTree = "<group>"; xcLanguageSpecificationIdentifier = xcode.lang.swift; };
/* End PBXFileReference section */

/* Begin PBXFrameworksBuildPhase section */
		DE046BA5299F6758002FF96E /* Frameworks */ = {
			isa = PBXFrameworksBuildPhase;
			buildActionMask = 2147483647;
			files = (
			);
			runOnlyForDeploymentPostprocessing = 0;
		};
/* End PBXFrameworksBuildPhase section */

/* Begin PBXGroup section */
		DE046B9F299F6758002FF96E = {
			isa = PBXGroup;
			children = (
				DE8048E629A84A450013AA11 /* week02assignment.playground */,
				DE046BAA299F6758002FF96E /* Brad_Ashburn_Shopping_App */,
				DE046BA9299F6758002FF96E /* Products */,
			);
			sourceTree = "<group>";
		};
		DE046BA9299F6758002FF96E /* Products */ = {
			isa = PBXGroup;
			children = (
				DE046BA8299F6758002FF96E /* Brad_Ashburn_Shopping_App.app */,
			);
			name = Products;
			sourceTree = "<group>";
		};
		DE046BAA299F6758002FF96E /* Brad_Ashburn_Shopping_App */ = {
			isa = PBXGroup;
			children = (
				DE046BBF299F6E3A002FF96E /* App */,
				DE046BBE299F6E0B002FF96E /* Models */,
				DE046BBD299F6E01002FF96E /* Views */,
				DE046BAF299F675A002FF96E /* Assets.xcassets */,
				DE046BB1299F675A002FF96E /* Preview Content */,
			);
			path = Brad_Ashburn_Shopping_App;
			sourceTree = "<group>";
		};
		DE046BB1299F675A002FF96E /* Preview Content */ = {
			isa = PBXGroup;
			children = (
				DE046BB2299F675A002FF96E /* Preview Assets.xcassets */,
			);
			path = "Preview Content";
			sourceTree = "<group>";
		};
		DE046BBD299F6E01002FF96E /* Views */ = {
			isa = PBXGroup;
			children = (
				DE046BAD299F6758002FF96E /* HomescreenView.swift */,
				DE046BBB299F6DF0002FF96E /* OnboardingView.swift */,
				DE36E0AD29A06AF200AD747A /* TextViews.swift */,
				DE36E0A929A054ED00AD747A /* ButtonViews.swift */,
			);
			path = Views;
			sourceTree = "<group>";
		};
		DE046BBE299F6E0B002FF96E /* Models */ = {
			isa = PBXGroup;
			children = (
				DE046BB9299F6AE2002FF96E /* Constants.swift */,
				DE36E0AB29A0656200AD747A /* OnboardingModel.swift */,
			);
			path = Models;
			sourceTree = "<group>";
		};
		DE046BBF299F6E3A002FF96E /* App */ = {
			isa = PBXGroup;
			children = (
				DE046BAB299F6758002FF96E /* Brad_Ashburn_Shopping_AppApp.swift */,
			);
			path = App;
			sourceTree = "<group>";
		};
/* End PBXGroup section */

/* Begin PBXNativeTarget section */
		DE046BA7299F6758002FF96E /* Brad_Ashburn_Shopping_App */ = {
			isa = PBXNativeTarget;
			buildConfigurationList = DE046BB6299F675A002FF96E /* Build configuration list for PBXNativeTarget "Brad_Ashburn_Shopping_App" */;
			buildPhases = (
				DE046BA4299F6758002FF96E /* Sources */,
				DE046BA5299F6758002FF96E /* Frameworks */,
				DE046BA6299F6758002FF96E /* Resources */,
			);
			buildRules = (
			);
			dependencies = (
			);
			name = Brad_Ashburn_Shopping_App;
			productName = Brad_Ashburn_Shopping_App;
			productReference = DE046BA8299F6758002FF96E /* Brad_Ashburn_Shopping_App.app */;
			productType = "com.apple.product-type.application";
		};
/* End PBXNativeTarget section */

/* Begin PBXProject section */
		DE046BA0299F6758002FF96E /* Project object */ = {
			isa = PBXProject;
			attributes = {
				BuildIndependentTargetsInParallel = 1;
				LastSwiftUpdateCheck = 1420;
				LastUpgradeCheck = 1420;
				TargetAttributes = {
					DE046BA7299F6758002FF96E = {
						CreatedOnToolsVersion = 14.2;
					};
				};
			};
			buildConfigurationList = DE046BA3299F6758002FF96E /* Build configuration list for PBXProject "Brad_Ashburn_Shopping_App" */;
			compatibilityVersion = "Xcode 14.0";
			developmentRegion = en;
			hasScannedForEncodings = 0;
			knownRegions = (
				en,
				Base,
			);
			mainGroup = DE046B9F299F6758002FF96E;
			productRefGroup = DE046BA9299F6758002FF96E /* Products */;
			projectDirPath = "";
			projectRoot = "";
			targets = (
				DE046BA7299F6758002FF96E /* Brad_Ashburn_Shopping_App */,
			);
		};
/* End PBXProject section */

/* Begin PBXResourcesBuildPhase section */
		DE046BA6299F6758002FF96E /* Resources */ = {
			isa = PBXResourcesBuildPhase;
			buildActionMask = 2147483647;
			files = (
				DE046BB3299F675A002FF96E /* Preview Assets.xcassets in Resources */,
				DE046BB0299F675A002FF96E /* Assets.xcassets in Resources */,
			);
			runOnlyForDeploymentPostprocessing = 0;
		};
/* End PBXResourcesBuildPhase section */

/* Begin PBXSourcesBuildPhase section */
		DE046BA4299F6758002FF96E /* Sources */ = {
			isa = PBXSourcesBuildPhase;
			buildActionMask = 2147483647;
			files = (
				DE046BAE299F6758002FF96E /* HomescreenView.swift in Sources */,
				DE046BBC299F6DF0002FF96E /* OnboardingView.swift in Sources */,
				DE36E0AC29A0656200AD747A /* OnboardingModel.swift in Sources */,
				DE36E0AA29A054ED00AD747A /* ButtonViews.swift in Sources */,
				DE046BAC299F6758002FF96E /* Brad_Ashburn_Shopping_AppApp.swift in Sources */,
				DE36E0AE29A06AF200AD747A /* TextViews.swift in Sources */,
				DE046BBA299F6AE2002FF96E /* Constants.swift in Sources */,
			);
			runOnlyForDeploymentPostprocessing = 0;
		};
/* End PBXSourcesBuildPhase section */

/* Begin XCBuildConfiguration section */
		DE046BB4299F675A002FF96E /* Debug */ = {
			isa = XCBuildConfiguration;
			buildSettings = {
				ALWAYS_SEARCH_USER_PATHS = NO;
				CLANG_ANALYZER_NONNULL = YES;
				CLANG_ANALYZER_NUMBER_OBJECT_CONVERSION = YES_AGGRESSIVE;
				CLANG_CXX_LANGUAGE_STANDARD = "gnu++20";
				CLANG_ENABLE_MODULES = YES;
				CLANG_ENABLE_OBJC_ARC = YES;
				CLANG_ENABLE_OBJC_WEAK = YES;
				CLANG_WARN_BLOCK_CAPTURE_AUTORELEASING = YES;
				CLANG_WARN_BOOL_CONVERSION = YES;
				CLANG_WARN_COMMA = YES;
				CLANG_WARN_CONSTANT_CONVERSION = YES;
				CLANG_WARN_DEPRECATED_OBJC_IMPLEMENTATIONS = YES;
				CLANG_WARN_DIRECT_OBJC_ISA_USAGE = YES_ERROR;
				CLANG_WARN_DOCUMENTATION_COMMENTS = YES;
				CLANG_WARN_EMPTY_BODY = YES;
				CLANG_WARN_ENUM_CONVERSION = YES;
				CLANG_WARN_INFINITE_RECURSION = YES;
				CLANG_WARN_INT_CONVERSION = YES;
				CLANG_WARN_NON_LITERAL_NULL_CONVERSION = YES;
				CLANG_WARN_OBJC_IMPLICIT_RETAIN_SELF = YES;
				CLANG_WARN_OBJC_LITERAL_CONVERSION = YES;
				CLANG_WARN_OBJC_ROOT_CLASS = YES_ERROR;
				CLANG_WARN_QUOTED_INCLUDE_IN_FRAMEWORK_HEADER = YES;
				CLANG_WARN_RANGE_LOOP_ANALYSIS = YES;
				CLANG_WARN_STRICT_PROTOTYPES = YES;
				CLANG_WARN_SUSPICIOUS_MOVE = YES;
				CLANG_WARN_UNGUARDED_AVAILABILITY = YES_AGGRESSIVE;
				CLANG_WARN_UNREACHABLE_CODE = YES;
				CLANG_WARN__DUPLICATE_METHOD_MATCH = YES;
				COPY_PHASE_STRIP = NO;
				DEBUG_INFORMATION_FORMAT = dwarf;
				ENABLE_STRICT_OBJC_MSGSEND = YES;
				ENABLE_TESTABILITY = YES;
				GCC_C_LANGUAGE_STANDARD = gnu11;
				GCC_DYNAMIC_NO_PIC = NO;
				GCC_NO_COMMON_BLOCKS = YES;
				GCC_OPTIMIZATION_LEVEL = 0;
				GCC_PREPROCESSOR_DEFINITIONS = (
					"DEBUG=1",
					"$(inherited)",
				);
				GCC_WARN_64_TO_32_BIT_CONVERSION = YES;
				GCC_WARN_ABOUT_RETURN_TYPE = YES_ERROR;
				GCC_WARN_UNDECLARED_SELECTOR = YES;
				GCC_WARN_UNINITIALIZED_AUTOS = YES_AGGRESSIVE;
				GCC_WARN_UNUSED_FUNCTION = YES;
				GCC_WARN_UNUSED_VARIABLE = YES;
				IPHONEOS_DEPLOYMENT_TARGET = 16.2;
				MTL_ENABLE_DEBUG_INFO = INCLUDE_SOURCE;
				MTL_FAST_MATH = YES;
				ONLY_ACTIVE_ARCH = YES;
				SDKROOT = iphoneos;
				SWIFT_ACTIVE_COMPILATION_CONDITIONS = DEBUG;
				SWIFT_OPTIMIZATION_LEVEL = "-Onone";
			};
			name = Debug;
		};
		DE046BB5299F675A002FF96E /* Release */ = {
			isa = XCBuildConfiguration;
			buildSettings = {
				ALWAYS_SEARCH_USER_PATHS = NO;
				CLANG_ANALYZER_NONNULL = YES;
				CLANG_ANALYZER_NUMBER_OBJECT_CONVERSION = YES_AGGRESSIVE;
				CLANG_CXX_LANGUAGE_STANDARD = "gnu++20";
				CLANG_ENABLE_MODULES = YES;
				CLANG_ENABLE_OBJC_ARC = YES;
				CLANG_ENABLE_OBJC_WEAK = YES;
				CLANG_WARN_BLOCK_CAPTURE_AUTORELEASING = YES;
				CLANG_WARN_BOOL_CONVERSION = YES;
				CLANG_WARN_COMMA = YES;
				CLANG_WARN_CONSTANT_CONVERSION = YES;
				CLANG_WARN_DEPRECATED_OBJC_IMPLEMENTATIONS = YES;
				CLANG_WARN_DIRECT_OBJC_ISA_USAGE = YES_ERROR;
				CLANG_WARN_DOCUMENTATION_COMMENTS = YES;
				CLANG_WARN_EMPTY_BODY = YES;
				CLANG_WARN_ENUM_CONVERSION = YES;
				CLANG_WARN_INFINITE_RECURSION = YES;
				CLANG_WARN_INT_CONVERSION = YES;
				CLANG_WARN_NON_LITERAL_NULL_CONVERSION = YES;
				CLANG_WARN_OBJC_IMPLICIT_RETAIN_SELF = YES;
				CLANG_WARN_OBJC_LITERAL_CONVERSION = YES;
				CLANG_WARN_OBJC_ROOT_CLASS = YES_ERROR;
				CLANG_WARN_QUOTED_INCLUDE_IN_FRAMEWORK_HEADER = YES;
				CLANG_WARN_RANGE_LOOP_ANALYSIS = YES;
				CLANG_WARN_STRICT_PROTOTYPES = YES;
				CLANG_WARN_SUSPICIOUS_MOVE = YES;
				CLANG_WARN_UNGUARDED_AVAILABILITY = YES_AGGRESSIVE;
				CLANG_WARN_UNREACHABLE_CODE = YES;
				CLANG_WARN__DUPLICATE_METHOD_MATCH = YES;
				COPY_PHASE_STRIP = NO;
				DEBUG_INFORMATION_FORMAT = "dwarf-with-dsym";
				ENABLE_NS_ASSERTIONS = NO;
				ENABLE_STRICT_OBJC_MSGSEND = YES;
				GCC_C_LANGUAGE_STANDARD = gnu11;
				GCC_NO_COMMON_BLOCKS = YES;
				GCC_WARN_64_TO_32_BIT_CONVERSION = YES;
				GCC_WARN_ABOUT_RETURN_TYPE = YES_ERROR;
				GCC_WARN_UNDECLARED_SELECTOR = YES;
				GCC_WARN_UNINITIALIZED_AUTOS = YES_AGGRESSIVE;
				GCC_WARN_UNUSED_FUNCTION = YES;
				GCC_WARN_UNUSED_VARIABLE = YES;
				IPHONEOS_DEPLOYMENT_TARGET = 16.2;
				MTL_ENABLE_DEBUG_INFO = NO;
				MTL_FAST_MATH = YES;
				SDKROOT = iphoneos;
				SWIFT_COMPILATION_MODE = wholemodule;
				SWIFT_OPTIMIZATION_LEVEL = "-O";
				VALIDATE_PRODUCT = YES;
			};
			name = Release;
		};
		DE046BB7299F675A002FF96E /* Debug */ = {
			isa = XCBuildConfiguration;
			buildSettings = {
				ASSETCATALOG_COMPILER_APPICON_NAME = AppIcon;
				ASSETCATALOG_COMPILER_GLOBAL_ACCENT_COLOR_NAME = AccentColor;
				CODE_SIGN_STYLE = Automatic;
				CURRENT_PROJECT_VERSION = 1;
				DEVELOPMENT_ASSET_PATHS = "\"Brad_Ashburn_Shopping_App/Preview Content\"";
				DEVELOPMENT_TEAM = YA9GBZ4Z83;
				ENABLE_PREVIEWS = YES;
				GENERATE_INFOPLIST_FILE = YES;
				INFOPLIST_FILE = "Brad-Ashburn-Shopping-App-Info.plist";
				INFOPLIST_KEY_CFBundleDisplayName = "Shop Rabbit";
				INFOPLIST_KEY_LSApplicationCategoryType = "public.app-category.shopping";
				INFOPLIST_KEY_UIApplicationSupportsIndirectInputEvents = YES;
				INFOPLIST_KEY_UILaunchScreen_Generation = YES;
				INFOPLIST_KEY_UISupportedInterfaceOrientations = "UIInterfaceOrientationLandscapeLeft UIInterfaceOrientationLandscapeRight UIInterfaceOrientationPortrait UIInterfaceOrientationPortraitUpsideDown";
				IPHONEOS_DEPLOYMENT_TARGET = 16.0;
				LD_RUNPATH_SEARCH_PATHS = (
					"$(inherited)",
					"@executable_path/Frameworks",
				);
				MARKETING_VERSION = 1.0;
				PRODUCT_BUNDLE_IDENTIFIER = "com.bradashburn.Brad-Ashburn-Shopping-App";
				PRODUCT_NAME = "$(TARGET_NAME)";
				SUPPORTED_PLATFORMS = "iphoneos iphonesimulator";
				SUPPORTS_MACCATALYST = NO;
				SUPPORTS_MAC_DESIGNED_FOR_IPHONE_IPAD = NO;
				SWIFT_EMIT_LOC_STRINGS = YES;
				SWIFT_VERSION = 5.0;
				TARGETED_DEVICE_FAMILY = 1;
			};
			name = Debug;
		};
		DE046BB8299F675A002FF96E /* Release */ = {
			isa = XCBuildConfiguration;
			buildSettings = {
				ASSETCATALOG_COMPILER_APPICON_NAME = AppIcon;
				ASSETCATALOG_COMPILER_GLOBAL_ACCENT_COLOR_NAME = AccentColor;
				CODE_SIGN_STYLE = Automatic;
				CURRENT_PROJECT_VERSION = 1;
				DEVELOPMENT_ASSET_PATHS = "\"Brad_Ashburn_Shopping_App/Preview Content\"";
				DEVELOPMENT_TEAM = YA9GBZ4Z83;
				ENABLE_PREVIEWS = YES;
				GENERATE_INFOPLIST_FILE = YES;
				INFOPLIST_FILE = "Brad-Ashburn-Shopping-App-Info.plist";
				INFOPLIST_KEY_CFBundleDisplayName = "Shop Rabbit";
				INFOPLIST_KEY_LSApplicationCategoryType = "public.app-category.shopping";
				INFOPLIST_KEY_UIApplicationSupportsIndirectInputEvents = YES;
				INFOPLIST_KEY_UILaunchScreen_Generation = YES;
				INFOPLIST_KEY_UISupportedInterfaceOrientations = "UIInterfaceOrientationLandscapeLeft UIInterfaceOrientationLandscapeRight UIInterfaceOrientationPortrait UIInterfaceOrientationPortraitUpsideDown";
				IPHONEOS_DEPLOYMENT_TARGET = 16.0;
				LD_RUNPATH_SEARCH_PATHS = (
					"$(inherited)",
					"@executable_path/Frameworks",
				);
				MARKETING_VERSION = 1.0;
				PRODUCT_BUNDLE_IDENTIFIER = "com.bradashburn.Brad-Ashburn-Shopping-App";
				PRODUCT_NAME = "$(TARGET_NAME)";
				SUPPORTED_PLATFORMS = "iphoneos iphonesimulator";
				SUPPORTS_MACCATALYST = NO;
				SUPPORTS_MAC_DESIGNED_FOR_IPHONE_IPAD = NO;
				SWIFT_EMIT_LOC_STRINGS = YES;
				SWIFT_VERSION = 5.0;
				TARGETED_DEVICE_FAMILY = 1;
			};
			name = Release;
		};
/* End XCBuildConfiguration section */

/* Begin XCConfigurationList section */
		DE046BA3299F6758002FF96E /* Build configuration list for PBXProject "Brad_Ashburn_Shopping_App" */ = {
			isa = XCConfigurationList;
			buildConfigurations = (
				DE046BB4299F675A002FF96E /* Debug */,
				DE046BB5299F675A002FF96E /* Release */,
			);
			defaultConfigurationIsVisible = 0;
			defaultConfigurationName = Release;
		};
		DE046BB6299F675A002FF96E /* Build configuration list for PBXNativeTarget "Brad_Ashburn_Shopping_App" */ = {
			isa = XCConfigurationList;
			buildConfigurations = (
				DE046BB7299F675A002FF96E /* Debug */,
				DE046BB8299F675A002FF96E /* Release */,
			);
			defaultConfigurationIsVisible = 0;
			defaultConfigurationName = Release;
		};
/* End XCConfigurationList section */
	};
	rootObject = DE046BA0299F6758002FF96E /* Project object */;
}
